<?xml version="1.0" encoding="utf-8"?>
<Project ToolsVersion="4.0" xmlns="http://schemas.microsoft.com/developer/msbuild/2003">
  <ItemGroup>
    <Filter Include="Source Files">
      <UniqueIdentifier>{4FC737F1-C7A5-4376-A066-2A32D752A2FF}</UniqueIdentifier>
      <Extensions>cpp;c;cc;cxx;def;odl;idl;hpj;bat;asm;asmx</Extensions>
    </Filter>
    <Filter Include="Header Files">
      <UniqueIdentifier>{93995380-89BD-4b04-88EB-625FBE52EBFB}</UniqueIdentifier>
      <Extensions>h;hh;hpp;hxx;hm;inl;inc;xsd</Extensions>
    </Filter>
    <Filter Include="Resource Files">
      <UniqueIdentifier>{67DA6AB6-F800-4c08-8B7A-83BB121AAD01}</UniqueIdentifier>
      <Extensions>rc;ico;cur;bmp;dlg;rc2;rct;bin;rgs;gif;jpg;jpeg;jpe;resx;tiff;tif;png;wav;mfcribbon-ms</Extensions>
    </Filter>
  </ItemGroup>
  <ItemGroup>
    <ClInclude Include="stdafx.h">
      <Filter>Header Files</Filter>
    </ClInclude>
    <ClInclude Include="targetver.h">
      <Filter>Header Files</Filter>
    </ClInclude>
    <ClInclude Include="View.h">
      <Filter>Header Files</Filter>
    </ClInclude>
    <ClInclude Include="InputView.h">
      <Filter>Header Files</Filter>
    </ClInclude>
    <ClInclude Include="Controller.h">
      <Filter>Header Files</Filter>
    </ClInclude>
    <ClInclude Include="LoginModule.h">
      <Filter>Header Files</Filter>
    </ClInclude>
    <ClInclude Include="LoginStruct.h">
      <Filter>Header Files</Filter>
    </ClInclude>
    <ClInclude Include="PINInputView.h">
      <Filter>Header Files</Filter>
    </ClInclude>
    <ClInclude Include="DisplayMesageView.h">
      <Filter>Header Files</Filter>
    </ClInclude>
    <ClInclude Include="AccountModule.h">
      <Filter>Header Files</Filter>
    </ClInclude>
    <ClInclude Include="AccountOverviewView.h">
      <Filter>Header Files</Filter>
    </ClInclude>
    <ClInclude Include="HomeModule.h">
      <Filter>Header Files</Filter>
    </ClInclude>
    <ClInclude Include="MenuListView.h">
      <Filter>Header Files</Filter>
    </ClInclude>
    <ClInclude Include="HomeMenuListView.h">
      <Filter>Header Files</Filter>
    </ClInclude>
    <ClInclude Include="UserCreationModule.h">
      <Filter>Header Files</Filter>
    </ClInclude>
    <ClInclude Include="NewAccountModule.h">
      <Filter>Header Files</Filter>
    </ClInclude>
    <ClInclude Include="AccountTypeSelectView.h">
      <Filter>Header Files</Filter>
    </ClInclude>
    <ClInclude Include="AccountDetailView.h">
      <Filter>Header Files</Filter>
    </ClInclude>
    <ClInclude Include="NumberFormatter.h">
      <Filter>Header Files</Filter>
    </ClInclude>
    <ClInclude Include="LoginStructFileWriter.h">
      <Filter>Header Files</Filter>
    </ClInclude>
    <ClInclude Include="AccountStructFileWriter.h">
      <Filter>Header Files</Filter>
    </ClInclude>
    <ClInclude Include="MoneyInputView.h">
      <Filter>Header Files</Filter>
    </ClInclude>
    <ClInclude Include="TransactionHistoryView.h">
      <Filter>Header Files</Filter>
    </ClInclude>
    <ClInclude Include="TransactionFileHandler.h">
      <Filter>Header Files</Filter>
    </ClInclude>
    <ClInclude Include="Account.h">
      <Filter>Header Files</Filter>
    </ClInclude>
    <ClInclude Include="LoginView.h">
      <Filter>Header Files</Filter>
    </ClInclude>
  </ItemGroup>
  <ItemGroup>
    <ClCompile Include="stdafx.cpp">
      <Filter>Source Files</Filter>
    </ClCompile>
    <ClCompile Include="atm_machine_source.cpp">
      <Filter>Source Files</Filter>
    </ClCompile>
    <ClCompile Include="View.cpp">
      <Filter>Source Files</Filter>
    </ClCompile>
    <ClCompile Include="InputView.cpp">
      <Filter>Source Files</Filter>
    </ClCompile>
    <ClCompile Include="Controller.cpp">
      <Filter>Source Files</Filter>
    </ClCompile>
    <ClCompile Include="LoginView.cpp">
      <Filter>Source Files</Filter>
    </ClCompile>
    <ClCompile Include="LoginModule.cpp">
      <Filter>Source Files</Filter>
    </ClCompile>
    <ClCompile Include="PINInputView.cpp">
      <Filter>Source Files</Filter>
    </ClCompile>
    <ClCompile Include="DisplayMesageView.cpp">
      <Filter>Source Files</Filter>
    </ClCompile>
    <ClCompile Include="AccountModule.cpp">
      <Filter>Source Files</Filter>
    </ClCompile>
    <ClCompile Include="AccountOverviewView.cpp">
      <Filter>Source Files</Filter>
    </ClCompile>
    <ClCompile Include="HomeModule.cpp">
      <Filter>Source Files</Filter>
    </ClCompile>
    <ClCompile Include="MenuListView.cpp">
      <Filter>Source Files</Filter>
    </ClCompile>
    <ClCompile Include="HomeMenuListView.cpp">
      <Filter>Source Files</Filter>
    </ClCompile>
    <ClCompile Include="UserCreationModule.cpp">
      <Filter>Source Files</Filter>
    </ClCompile>
    <ClCompile Include="NewAccountModule.cpp">
      <Filter>Source Files</Filter>
    </ClCompile>
    <ClCompile Include="AccountTypeSelectView.cpp">
      <Filter>Source Files</Filter>
    </ClCompile>
    <ClCompile Include="AccountDetailView.cpp">
      <Filter>Source Files</Filter>
    </ClCompile>
    <ClCompile Include="LoginStructFileWriter.cpp">
      <Filter>Source Files</Filter>
    </ClCompile>
    <ClCompile Include="MoneyInputView.cpp">
      <Filter>Source Files</Filter>
    </ClCompile>
    <ClCompile Include="TransactionHistoryView.cpp">
      <Filter>Source Files</Filter>
    </ClCompile>
    <ClCompile Include="TransactionFileHandler.cpp">
      <Filter>Source Files</Filter>
    </ClCompile>
    <ClCompile Include="AccountStructFileWriter.cpp">
      <Filter>Source Files</Filter>
    </ClCompile>
  </ItemGroup>
</Project>