<?xml version="1.0" encoding="utf-8"?>
<Project ToolsVersion="4.0" xmlns="http://schemas.microsoft.com/developer/msbuild/2003">
  <ItemGroup>
    <Filter Include="Source Files">
      <UniqueIdentifier>{4FC737F1-C7A5-4376-A066-2A32D752A2FF}</UniqueIdentifier>
      <Extensions>cpp;c;cc;cxx;def;odl;idl;hpj;bat;asm;asmx</Extensions>
    </Filter>
    <Filter Include="Header Files">
      <UniqueIdentifier>{93995380-89BD-4b04-88EB-625FBE52EBFB}</UniqueIdentifier>
      <Extensions>h;hh;hpp;hxx;hm;inl;inc;xsd</Extensions>
    </Filter>
    <Filter Include="Resource Files">
      <UniqueIdentifier>{67DA6AB6-F800-4c08-8B7A-83BB121AAD01}</UniqueIdentifier>
      <Extensions>rc;ico;cur;bmp;dlg;rc2;rct;bin;rgs;gif;jpg;jpeg;jpe;resx;tiff;tif;png;wav</Extensions>
    </Filter>
  </ItemGroup>
  <ItemGroup>
    <ClCompile Include="csm10b_atm\consoleapplication1\stdafx.cpp">
      <Filter>Source Files</Filter>
    </ClCompile>
    <ClCompile Include="lib\pdcurs34\demos\firework.c">
      <Filter>Source Files</Filter>
    </ClCompile>
    <ClCompile Include="lib\pdcurs34\demos\newdemo.c">
      <Filter>Source Files</Filter>
    </ClCompile>
    <ClCompile Include="lib\pdcurs34\demos\ptest.c">
      <Filter>Source Files</Filter>
    </ClCompile>
    <ClCompile Include="lib\pdcurs34\demos\rain.c">
      <Filter>Source Files</Filter>
    </ClCompile>
    <ClCompile Include="lib\pdcurs34\demos\testcurs.c">
      <Filter>Source Files</Filter>
    </ClCompile>
    <ClCompile Include="lib\pdcurs34\demos\tui.c">
      <Filter>Source Files</Filter>
    </ClCompile>
    <ClCompile Include="lib\pdcurs34\demos\tuidemo.c">
      <Filter>Source Files</Filter>
    </ClCompile>
    <ClCompile Include="lib\pdcurs34\demos\worm.c">
      <Filter>Source Files</Filter>
    </ClCompile>
    <ClCompile Include="lib\pdcurs34\demos\xmas.c">
      <Filter>Source Files</Filter>
    </ClCompile>
    <ClCompile Include="lib\pdcurs34\doc\manext.c">
      <Filter>Source Files</Filter>
    </ClCompile>
    <ClCompile Include="lib\pdcurs34\dos\pdcclip.c">
      <Filter>Source Files</Filter>
    </ClCompile>
    <ClCompile Include="lib\pdcurs34\dos\pdcdisp.c">
      <Filter>Source Files</Filter>
    </ClCompile>
    <ClCompile Include="lib\pdcurs34\dos\pdcgetsc.c">
      <Filter>Source Files</Filter>
    </ClCompile>
    <ClCompile Include="lib\pdcurs34\dos\pdckbd.c">
      <Filter>Source Files</Filter>
    </ClCompile>
    <ClCompile Include="lib\pdcurs34\dos\pdcscrn.c">
      <Filter>Source Files</Filter>
    </ClCompile>
    <ClCompile Include="lib\pdcurs34\dos\pdcsetsc.c">
      <Filter>Source Files</Filter>
    </ClCompile>
    <ClCompile Include="lib\pdcurs34\dos\pdcutil.c">
      <Filter>Source Files</Filter>
    </ClCompile>
    <ClCompile Include="lib\pdcurs34\os2\pdcclip.c">
      <Filter>Source Files</Filter>
    </ClCompile>
    <ClCompile Include="lib\pdcurs34\os2\pdcdisp.c">
      <Filter>Source Files</Filter>
    </ClCompile>
    <ClCompile Include="lib\pdcurs34\os2\pdcgetsc.c">
      <Filter>Source Files</Filter>
    </ClCompile>
    <ClCompile Include="lib\pdcurs34\os2\pdckbd.c">
      <Filter>Source Files</Filter>
    </ClCompile>
    <ClCompile Include="lib\pdcurs34\os2\pdcscrn.c">
      <Filter>Source Files</Filter>
    </ClCompile>
    <ClCompile Include="lib\pdcurs34\os2\pdcsetsc.c">
      <Filter>Source Files</Filter>
    </ClCompile>
    <ClCompile Include="lib\pdcurs34\os2\pdcutil.c">
      <Filter>Source Files</Filter>
    </ClCompile>
    <ClCompile Include="lib\pdcurs34\pdcurses\addch.c">
      <Filter>Source Files</Filter>
    </ClCompile>
    <ClCompile Include="lib\pdcurs34\pdcurses\addchstr.c">
      <Filter>Source Files</Filter>
    </ClCompile>
    <ClCompile Include="lib\pdcurs34\pdcurses\addstr.c">
      <Filter>Source Files</Filter>
    </ClCompile>
    <ClCompile Include="lib\pdcurs34\pdcurses\attr.c">
      <Filter>Source Files</Filter>
    </ClCompile>
    <ClCompile Include="lib\pdcurs34\pdcurses\beep.c">
      <Filter>Source Files</Filter>
    </ClCompile>
    <ClCompile Include="lib\pdcurs34\pdcurses\bkgd.c">
      <Filter>Source Files</Filter>
    </ClCompile>
    <ClCompile Include="lib\pdcurs34\pdcurses\border.c">
      <Filter>Source Files</Filter>
    </ClCompile>
    <ClCompile Include="lib\pdcurs34\pdcurses\clear.c">
      <Filter>Source Files</Filter>
    </ClCompile>
    <ClCompile Include="lib\pdcurs34\pdcurses\color.c">
      <Filter>Source Files</Filter>
    </ClCompile>
    <ClCompile Include="lib\pdcurs34\pdcurses\debug.c">
      <Filter>Source Files</Filter>
    </ClCompile>
    <ClCompile Include="lib\pdcurs34\pdcurses\delch.c">
      <Filter>Source Files</Filter>
    </ClCompile>
    <ClCompile Include="lib\pdcurs34\pdcurses\deleteln.c">
      <Filter>Source Files</Filter>
    </ClCompile>
    <ClCompile Include="lib\pdcurs34\pdcurses\deprec.c">
      <Filter>Source Files</Filter>
    </ClCompile>
    <ClCompile Include="lib\pdcurs34\pdcurses\getch.c">
      <Filter>Source Files</Filter>
    </ClCompile>
    <ClCompile Include="lib\pdcurs34\pdcurses\getstr.c">
      <Filter>Source Files</Filter>
    </ClCompile>
    <ClCompile Include="lib\pdcurs34\pdcurses\getyx.c">
      <Filter>Source Files</Filter>
    </ClCompile>
    <ClCompile Include="lib\pdcurs34\pdcurses\inch.c">
      <Filter>Source Files</Filter>
    </ClCompile>
    <ClCompile Include="lib\pdcurs34\pdcurses\inchstr.c">
      <Filter>Source Files</Filter>
    </ClCompile>
    <ClCompile Include="lib\pdcurs34\pdcurses\initscr.c">
      <Filter>Source Files</Filter>
    </ClCompile>
    <ClCompile Include="lib\pdcurs34\pdcurses\inopts.c">
      <Filter>Source Files</Filter>
    </ClCompile>
    <ClCompile Include="lib\pdcurs34\pdcurses\insch.c">
      <Filter>Source Files</Filter>
    </ClCompile>
    <ClCompile Include="lib\pdcurs34\pdcurses\insstr.c">
      <Filter>Source Files</Filter>
    </ClCompile>
    <ClCompile Include="lib\pdcurs34\pdcurses\instr.c">
      <Filter>Source Files</Filter>
    </ClCompile>
    <ClCompile Include="lib\pdcurs34\pdcurses\kernel.c">
      <Filter>Source Files</Filter>
    </ClCompile>
    <ClCompile Include="lib\pdcurs34\pdcurses\keyname.c">
      <Filter>Source Files</Filter>
    </ClCompile>
    <ClCompile Include="lib\pdcurs34\pdcurses\mouse.c">
      <Filter>Source Files</Filter>
    </ClCompile>
    <ClCompile Include="lib\pdcurs34\pdcurses\move.c">
      <Filter>Source Files</Filter>
    </ClCompile>
    <ClCompile Include="lib\pdcurs34\pdcurses\outopts.c">
      <Filter>Source Files</Filter>
    </ClCompile>
    <ClCompile Include="lib\pdcurs34\pdcurses\overlay.c">
      <Filter>Source Files</Filter>
    </ClCompile>
    <ClCompile Include="lib\pdcurs34\pdcurses\pad.c">
      <Filter>Source Files</Filter>
    </ClCompile>
    <ClCompile Include="lib\pdcurs34\pdcurses\panel.c">
      <Filter>Source Files</Filter>
    </ClCompile>
    <ClCompile Include="lib\pdcurs34\pdcurses\printw.c">
      <Filter>Source Files</Filter>
    </ClCompile>
    <ClCompile Include="lib\pdcurs34\pdcurses\refresh.c">
      <Filter>Source Files</Filter>
    </ClCompile>
    <ClCompile Include="lib\pdcurs34\pdcurses\scanw.c">
      <Filter>Source Files</Filter>
    </ClCompile>
    <ClCompile Include="lib\pdcurs34\pdcurses\scroll.c">
      <Filter>Source Files</Filter>
    </ClCompile>
    <ClCompile Include="lib\pdcurs34\pdcurses\scr_dump.c">
      <Filter>Source Files</Filter>
    </ClCompile>
    <ClCompile Include="lib\pdcurs34\pdcurses\slk.c">
      <Filter>Source Files</Filter>
    </ClCompile>
    <ClCompile Include="lib\pdcurs34\pdcurses\termattr.c">
      <Filter>Source Files</Filter>
    </ClCompile>
    <ClCompile Include="lib\pdcurs34\pdcurses\terminfo.c">
      <Filter>Source Files</Filter>
    </ClCompile>
    <ClCompile Include="lib\pdcurs34\pdcurses\touch.c">
      <Filter>Source Files</Filter>
    </ClCompile>
    <ClCompile Include="lib\pdcurs34\pdcurses\util.c">
      <Filter>Source Files</Filter>
    </ClCompile>
    <ClCompile Include="lib\pdcurs34\pdcurses\window.c">
      <Filter>Source Files</Filter>
    </ClCompile>
    <ClCompile Include="lib\pdcurs34\sdl1\pdcclip.c">
      <Filter>Source Files</Filter>
    </ClCompile>
    <ClCompile Include="lib\pdcurs34\sdl1\pdcdisp.c">
      <Filter>Source Files</Filter>
    </ClCompile>
    <ClCompile Include="lib\pdcurs34\sdl1\pdcgetsc.c">
      <Filter>Source Files</Filter>
    </ClCompile>
    <ClCompile Include="lib\pdcurs34\sdl1\pdckbd.c">
      <Filter>Source Files</Filter>
    </ClCompile>
    <ClCompile Include="lib\pdcurs34\sdl1\pdcscrn.c">
      <Filter>Source Files</Filter>
    </ClCompile>
    <ClCompile Include="lib\pdcurs34\sdl1\pdcsetsc.c">
      <Filter>Source Files</Filter>
    </ClCompile>
    <ClCompile Include="lib\pdcurs34\sdl1\pdcutil.c">
      <Filter>Source Files</Filter>
    </ClCompile>
    <ClCompile Include="lib\pdcurs34\sdl1\sdltest.c">
      <Filter>Source Files</Filter>
    </ClCompile>
    <ClCompile Include="lib\pdcurs34\win32\pdcclip.c">
      <Filter>Source Files</Filter>
    </ClCompile>
    <ClCompile Include="lib\pdcurs34\win32\pdcdisp.c">
      <Filter>Source Files</Filter>
    </ClCompile>
    <ClCompile Include="lib\pdcurs34\win32\pdcgetsc.c">
      <Filter>Source Files</Filter>
    </ClCompile>
    <ClCompile Include="lib\pdcurs34\win32\pdckbd.c">
      <Filter>Source Files</Filter>
    </ClCompile>
    <ClCompile Include="lib\pdcurs34\win32\pdcscrn.c">
      <Filter>Source Files</Filter>
    </ClCompile>
    <ClCompile Include="lib\pdcurs34\win32\pdcsetsc.c">
      <Filter>Source Files</Filter>
    </ClCompile>
    <ClCompile Include="lib\pdcurs34\win32\pdcutil.c">
      <Filter>Source Files</Filter>
    </ClCompile>
    <ClCompile Include="lib\pdcurs34\x11\pdcclip.c">
      <Filter>Source Files</Filter>
    </ClCompile>
    <ClCompile Include="lib\pdcurs34\x11\pdcdisp.c">
      <Filter>Source Files</Filter>
    </ClCompile>
    <ClCompile Include="lib\pdcurs34\x11\pdcgetsc.c">
      <Filter>Source Files</Filter>
    </ClCompile>
    <ClCompile Include="lib\pdcurs34\x11\pdckbd.c">
      <Filter>Source Files</Filter>
    </ClCompile>
    <ClCompile Include="lib\pdcurs34\x11\pdcscrn.c">
      <Filter>Source Files</Filter>
    </ClCompile>
    <ClCompile Include="lib\pdcurs34\x11\pdcsetsc.c">
      <Filter>Source Files</Filter>
    </ClCompile>
    <ClCompile Include="lib\pdcurs34\x11\pdcutil.c">
      <Filter>Source Files</Filter>
    </ClCompile>
    <ClCompile Include="lib\pdcurs34\x11\pdcx11.c">
      <Filter>Source Files</Filter>
    </ClCompile>
    <ClCompile Include="lib\pdcurs34\x11\sb.c">
      <Filter>Source Files</Filter>
    </ClCompile>
    <ClCompile Include="lib\pdcurs34\x11\ScrollBox.c">
      <Filter>Source Files</Filter>
    </ClCompile>
    <ClCompile Include="lib\pdcurs34\x11\x11.c">
      <Filter>Source Files</Filter>
    </ClCompile>
    <ClCompile Include="src\Account.cpp">
      <Filter>Source Files</Filter>
    </ClCompile>
    <ClCompile Include="src\ATMController.cpp">
      <Filter>Source Files</Filter>
    </ClCompile>
    <ClCompile Include="src\ATMView.cpp">
      <Filter>Source Files</Filter>
    </ClCompile>
    <ClCompile Include="src\atm_main.cpp">
      <Filter>Source Files</Filter>
    </ClCompile>
    <ClCompile Include="src\User.cpp">
      <Filter>Source Files</Filter>
    </ClCompile>
  </ItemGroup>
  <ItemGroup>
    <None Include="lib\pdcurs34\exp-base.def">
      <Filter>Source Files</Filter>
    </None>
    <None Include="lib\pdcurs34\exp-wide.def">
      <Filter>Source Files</Filter>
    </None>
  </ItemGroup>
  <ItemGroup>
    <ClInclude Include="csm10b_atm\consoleapplication1\stdafx.h">
      <Filter>Header Files</Filter>
    </ClInclude>
    <ClInclude Include="csm10b_atm\consoleapplication1\targetver.h">
      <Filter>Header Files</Filter>
    </ClInclude>
    <ClInclude Include="lib\pdcurs34\curses.h">
      <Filter>Header Files</Filter>
    </ClInclude>
    <ClInclude Include="lib\pdcurs34\curspriv.h">
      <Filter>Header Files</Filter>
    </ClInclude>
    <ClInclude Include="lib\pdcurs34\panel.h">
      <Filter>Header Files</Filter>
    </ClInclude>
    <ClInclude Include="lib\pdcurs34\term.h">
      <Filter>Header Files</Filter>
    </ClInclude>
    <ClInclude Include="lib\pdcurs34\demos\tui.h">
      <Filter>Header Files</Filter>
    </ClInclude>
    <ClInclude Include="lib\pdcurs34\dos\pdcdos.h">
      <Filter>Header Files</Filter>
    </ClInclude>
    <ClInclude Include="lib\pdcurs34\os2\pdcos2.h">
      <Filter>Header Files</Filter>
    </ClInclude>
    <ClInclude Include="lib\pdcurs34\sdl1\deffont.h">
      <Filter>Header Files</Filter>
    </ClInclude>
    <ClInclude Include="lib\pdcurs34\sdl1\deficon.h">
      <Filter>Header Files</Filter>
    </ClInclude>
    <ClInclude Include="lib\pdcurs34\sdl1\pdcsdl.h">
      <Filter>Header Files</Filter>
    </ClInclude>
    <ClInclude Include="lib\pdcurs34\win32\pdcwin.h">
      <Filter>Header Files</Filter>
    </ClInclude>
    <ClInclude Include="lib\pdcurs34\x11\compose.h">
      <Filter>Header Files</Filter>
    </ClInclude>
    <ClInclude Include="lib\pdcurs34\x11\ncurses_cfg.h">
      <Filter>Header Files</Filter>
    </ClInclude>
    <ClInclude Include="lib\pdcurs34\x11\pdcx11.h">
      <Filter>Header Files</Filter>
    </ClInclude>
    <ClInclude Include="lib\pdcurs34\x11\ScrollBox.h">
      <Filter>Header Files</Filter>
    </ClInclude>
    <ClInclude Include="lib\pdcurs34\x11\ScrollBoxP.h">
      <Filter>Header Files</Filter>
    </ClInclude>
    <ClInclude Include="src\Account.h">
      <Filter>Header Files</Filter>
    </ClInclude>
    <ClInclude Include="src\ATMController.h">
      <Filter>Header Files</Filter>
    </ClInclude>
    <ClInclude Include="src\ATMView.h">
      <Filter>Header Files</Filter>
    </ClInclude>
    <ClInclude Include="src\User.h">
      <Filter>Header Files</Filter>
    </ClInclude>
  </ItemGroup>
  <ItemGroup>
    <ResourceCompile Include="lib\pdcurs34\win32\pdcurses.rc">
      <Filter>Resource Files</Filter>
    </ResourceCompile>
  </ItemGroup>
</Project>